// !$*UTF8*$!
{
	archiveVersion = 1;
	classes = {
	};
	objectVersion = 77;
	objects = {

/* Begin PBXContainerItemProxy section */
		63A1C0E52E0870CA00F34733 /* PBXContainerItemProxy */ = {
			isa = PBXContainerItemProxy;
			containerPortal = 63A1C0CE2E0870C900F34733 /* Project object */;
			proxyType = 1;
			remoteGlobalIDString = 63A1C0D52E0870C900F34733;
			remoteInfo = SpiceHarvester;
		};
		63A1C0EF2E0870CA00F34733 /* PBXContainerItemProxy */ = {
			isa = PBXContainerItemProxy;
			containerPortal = 63A1C0CE2E0870C900F34733 /* Project object */;
			proxyType = 1;
			remoteGlobalIDString = 63A1C0D52E0870C900F34733;
			remoteInfo = SpiceHarvester;
		};
/* End PBXContainerItemProxy section */

/* Begin PBXFileReference section */
		63A1C0D62E0870C900F34733 /* SpiceHarvester.app */ = {isa = PBXFileReference; explicitFileType = wrapper.application; includeInIndex = 0; path = SpiceHarvester.app; sourceTree = BUILT_PRODUCTS_DIR; };
		63A1C0E42E0870CA00F34733 /* SpiceHarvesterTests.xctest */ = {isa = PBXFileReference; explicitFileType = wrapper.cfbundle; includeInIndex = 0; path = SpiceHarvesterTests.xctest; sourceTree = BUILT_PRODUCTS_DIR; };
		63A1C0EE2E0870CA00F34733 /* SpiceHarvesterUITests.xctest */ = {isa = PBXFileReference; explicitFileType = wrapper.cfbundle; includeInIndex = 0; path = SpiceHarvesterUITests.xctest; sourceTree = BUILT_PRODUCTS_DIR; };
/* End PBXFileReference section */

/* Begin PBXFileSystemSynchronizedRootGroup section */
		63A1C0D82E0870C900F34733 /* SpiceHarvester */ = {
			isa = PBXFileSystemSynchronizedRootGroup;
			path = SpiceHarvester;
			sourceTree = "<group>";
		};
		63A1C0E72E0870CA00F34733 /* SpiceHarvesterTests */ = {
			isa = PBXFileSystemSynchronizedRootGroup;
			path = SpiceHarvesterTests;
			sourceTree = "<group>";
		};
		63A1C0F12E0870CA00F34733 /* SpiceHarvesterUITests */ = {
			isa = PBXFileSystemSynchronizedRootGroup;
			path = SpiceHarvesterUITests;
			sourceTree = "<group>";
		};
/* End PBXFileSystemSynchronizedRootGroup section */

/* Begin PBXFrameworksBuildPhase section */
		63A1C0D32E0870C900F34733 /* Frameworks */ = {
			isa = PBXFrameworksBuildPhase;
			buildActionMask = 2147483647;
			files = (
			);
			runOnlyForDeploymentPostprocessing = 0;
		};
		63A1C0E12E0870CA00F34733 /* Frameworks */ = {
			isa = PBXFrameworksBuildPhase;
			buildActionMask = 2147483647;
			files = (
			);
			runOnlyForDeploymentPostprocessing = 0;
		};
		63A1C0EB2E0870CA00F34733 /* Frameworks */ = {
			isa = PBXFrameworksBuildPhase;
			buildActionMask = 2147483647;
			files = (
			);
			runOnlyForDeploymentPostprocessing = 0;
		};
/* End PBXFrameworksBuildPhase section */

/* Begin PBXGroup section */
		63A1C0CD2E0870C900F34733 = {
			isa = PBXGroup;
			children = (
				63A1C0D82E0870C900F34733 /* SpiceHarvester */,
				63A1C0E72E0870CA00F34733 /* SpiceHarvesterTests */,
				63A1C0F12E0870CA00F34733 /* SpiceHarvesterUITests */,
				63A1C0D72E0870C900F34733 /* Products */,
			);
			sourceTree = "<group>";
		};
		63A1C0D72E0870C900F34733 /* Products */ = {
			isa = PBXGroup;
			children = (
				63A1C0D62E0870C900F34733 /* SpiceHarvester.app */,
				63A1C0E42E0870CA00F34733 /* SpiceHarvesterTests.xctest */,
				63A1C0EE2E0870CA00F34733 /* SpiceHarvesterUITests.xctest */,
			);
			name = Products;
			sourceTree = "<group>";
		};
/* End PBXGroup section */

/* Begin PBXNativeTarget section */
		63A1C0D52E0870C900F34733 /* SpiceHarvester */ = {
			isa = PBXNativeTarget;
			buildConfigurationList = 63A1C0F82E0870CA00F34733 /* Build configuration list for PBXNativeTarget "SpiceHarvester" */;
			buildPhases = (
				63A1C0D22E0870C900F34733 /* Sources */,
				63A1C0D32E0870C900F34733 /* Frameworks */,
				63A1C0D42E0870C900F34733 /* Resources */,
			);
			buildRules = (
			);
			dependencies = (
			);
			fileSystemSynchronizedGroups = (
				63A1C0D82E0870C900F34733 /* SpiceHarvester */,
			);
			name = SpiceHarvester;
			packageProductDependencies = (
			);
			productName = SpiceHarvester;
			productReference = 63A1C0D62E0870C900F34733 /* SpiceHarvester.app */;
			productType = "com.apple.product-type.application";
		};
		63A1C0E32E0870CA00F34733 /* SpiceHarvesterTests */ = {
			isa = PBXNativeTarget;
			buildConfigurationList = 63A1C0FB2E0870CA00F34733 /* Build configuration list for PBXNativeTarget "SpiceHarvesterTests" */;
			buildPhases = (
				63A1C0E02E0870CA00F34733 /* Sources */,
				63A1C0E12E0870CA00F34733 /* Frameworks */,
				63A1C0E22E0870CA00F34733 /* Resources */,
			);
			buildRules = (
			);
			dependencies = (
				63A1C0E62E0870CA00F34733 /* PBXTargetDependency */,
			);
			fileSystemSynchronizedGroups = (
				63A1C0E72E0870CA00F34733 /* SpiceHarvesterTests */,
			);
			name = SpiceHarvesterTests;
			packageProductDependencies = (
			);
			productName = SpiceHarvesterTests;
			productReference = 63A1C0E42E0870CA00F34733 /* SpiceHarvesterTests.xctest */;
			productType = "com.apple.product-type.bundle.unit-test";
		};
		63A1C0ED2E0870CA00F34733 /* SpiceHarvesterUITests */ = {
			isa = PBXNativeTarget;
			buildConfigurationList = 63A1C0FE2E0870CA00F34733 /* Build configuration list for PBXNativeTarget "SpiceHarvesterUITests" */;
			buildPhases = (
				63A1C0EA2E0870CA00F34733 /* Sources */,
				63A1C0EB2E0870CA00F34733 /* Frameworks */,
				63A1C0EC2E0870CA00F34733 /* Resources */,
			);
			buildRules = (
			);
			dependencies = (
				63A1C0F02E0870CA00F34733 /* PBXTargetDependency */,
			);
			fileSystemSynchronizedGroups = (
				63A1C0F12E0870CA00F34733 /* SpiceHarvesterUITests */,
			);
			name = SpiceHarvesterUITests;
			packageProductDependencies = (
			);
			productName = SpiceHarvesterUITests;
			productReference = 63A1C0EE2E0870CA00F34733 /* SpiceHarvesterUITests.xctest */;
			productType = "com.apple.product-type.bundle.ui-testing";
		};
/* End PBXNativeTarget section */

/* Begin PBXProject section */
		63A1C0CE2E0870C900F34733 /* Project object */ = {
			isa = PBXProject;
			attributes = {
				BuildIndependentTargetsInParallel = 1;
				LastSwiftUpdateCheck = 1640;
				LastUpgradeCheck = 2640;
				TargetAttributes = {
					63A1C0D52E0870C900F34733 = {
						CreatedOnToolsVersion = 16.4;
					};
					63A1C0E32E0870CA00F34733 = {
						CreatedOnToolsVersion = 16.4;
						TestTargetID = 63A1C0D52E0870C900F34733;
					};
					63A1C0ED2E0870CA00F34733 = {
						CreatedOnToolsVersion = 16.4;
						TestTargetID = 63A1C0D52E0870C900F34733;
					};
				};
			};
			buildConfigurationList = 63A1C0D12E0870C900F34733 /* Build configuration list for PBXProject "SpiceHarvester" */;
			developmentRegion = en;
			hasScannedForEncodings = 0;
			knownRegions = (
				en,
				Base,
			);
			mainGroup = 63A1C0CD2E0870C900F34733;
			minimizedProjectReferenceProxies = 1;
			preferredProjectObjectVersion = 77;
			productRefGroup = 63A1C0D72E0870C900F34733 /* Products */;
			projectDirPath = "";
			projectRoot = "";
			targets = (
				63A1C0D52E0870C900F34733 /* SpiceHarvester */,
				63A1C0E32E0870CA00F34733 /* SpiceHarvesterTests */,
				63A1C0ED2E0870CA00F34733 /* SpiceHarvesterUITests */,
			);
		};
/* End PBXProject section */

/* Begin PBXResourcesBuildPhase section */
		63A1C0D42E0870C900F34733 /* Resources */ = {
			isa = PBXResourcesBuildPhase;
			buildActionMask = 2147483647;
			files = (
			);
			runOnlyForDeploymentPostprocessing = 0;
		};
		63A1C0E22E0870CA00F34733 /* Resources */ = {
			isa = PBXResourcesBuildPhase;
			buildActionMask = 2147483647;
			files = (
			);
			runOnlyForDeploymentPostprocessing = 0;
		};
		63A1C0EC2E0870CA00F34733 /* Resources */ = {
			isa = PBXResourcesBuildPhase;
			buildActionMask = 2147483647;
			files = (
			);
			runOnlyForDeploymentPostprocessing = 0;
		};
/* End PBXResourcesBuildPhase section */

/* Begin PBXSourcesBuildPhase section */
		63A1C0D22E0870C900F34733 /* Sources */ = {
			isa = PBXSourcesBuildPhase;
			buildActionMask = 2147483647;
			files = (
			);
			runOnlyForDeploymentPostprocessing = 0;
		};
		63A1C0E02E0870CA00F34733 /* Sources */ = {
			isa = PBXSourcesBuildPhase;
			buildActionMask = 2147483647;
			files = (
			);
			runOnlyForDeploymentPostprocessing = 0;
		};
		63A1C0EA2E0870CA00F34733 /* Sources */ = {
			isa = PBXSourcesBuildPhase;
			buildActionMask = 2147483647;
			files = (
			);
			runOnlyForDeploymentPostprocessing = 0;
		};
/* End PBXSourcesBuildPhase section */

/* Begin PBXTargetDependency section */
		63A1C0E62E0870CA00F34733 /* PBXTargetDependency */ = {
			isa = PBXTargetDependency;
			target = 63A1C0D52E0870C900F34733 /* SpiceHarvester */;
			targetProxy = 63A1C0E52E0870CA00F34733 /* PBXContainerItemProxy */;
		};
		63A1C0F02E0870CA00F34733 /* PBXTargetDependency */ = {
			isa = PBXTargetDependency;
			target = 63A1C0D52E0870C900F34733 /* SpiceHarvester */;
			targetProxy = 63A1C0EF2E0870CA00F34733 /* PBXContainerItemProxy */;
		};
/* End PBXTargetDependency section */

/* Begin XCBuildConfiguration section */
		63A1C0F62E0870CA00F34733 /* Debug */ = {
			isa = XCBuildConfiguration;
			buildSettings = {
				ALWAYS_SEARCH_USER_PATHS = NO;
				ASSETCATALOG_COMPILER_GENERATE_SWIFT_ASSET_SYMBOL_EXTENSIONS = YES;
				CLANG_ANALYZER_NONNULL = YES;
				CLANG_ANALYZER_NUMBER_OBJECT_CONVERSION = YES_AGGRESSIVE;
				CLANG_CXX_LANGUAGE_STANDARD = "gnu++20";
				CLANG_ENABLE_MODULES = YES;
				CLANG_ENABLE_OBJC_ARC = YES;
				CLANG_ENABLE_OBJC_WEAK = YES;
				CLANG_WARN_BLOCK_CAPTURE_AUTORELEASING = YES;
				CLANG_WARN_BOOL_CONVERSION = YES;
				CLANG_WARN_COMMA = YES;
				CLANG_WARN_CONSTANT_CONVERSION = YES;
				CLANG_WARN_DEPRECATED_OBJC_IMPLEMENTATIONS = YES;
				CLANG_WARN_DIRECT_OBJC_ISA_USAGE = YES_ERROR;
				CLANG_WARN_DOCUMENTATION_COMMENTS = YES;
				CLANG_WARN_EMPTY_BODY = YES;
				CLANG_WARN_ENUM_CONVERSION = YES;
				CLANG_WARN_INFINITE_RECURSION = YES;
				CLANG_WARN_INT_CONVERSION = YES;
				CLANG_WARN_NON_LITERAL_NULL_CONVERSION = YES;
				CLANG_WARN_OBJC_IMPLICIT_RETAIN_SELF = YES;
				CLANG_WARN_OBJC_LITERAL_CONVERSION = YES;
				CLANG_WARN_OBJC_ROOT_CLASS = YES_ERROR;
				CLANG_WARN_QUOTED_INCLUDE_IN_FRAMEWORK_HEADER = YES;
				CLANG_WARN_RANGE_LOOP_ANALYSIS = YES;
				CLANG_WARN_STRICT_PROTOTYPES = YES;
				CLANG_WARN_SUSPICIOUS_MOVE = YES;
				CLANG_WARN_UNGUARDED_AVAILABILITY = YES_AGGRESSIVE;
				CLANG_WARN_UNREACHABLE_CODE = YES;
				CLANG_WARN__DUPLICATE_METHOD_MATCH = YES;
				COPY_PHASE_STRIP = NO;
				DEAD_CODE_STRIPPING = YES;
				DEBUG_INFORMATION_FORMAT = dwarf;
				ENABLE_STRICT_OBJC_MSGSEND = YES;
				ENABLE_TESTABILITY = YES;
				ENABLE_USER_SCRIPT_SANDBOXING = YES;
				GCC_C_LANGUAGE_STANDARD = gnu17;
				GCC_DYNAMIC_NO_PIC = NO;
				GCC_NO_COMMON_BLOCKS = YES;
				GCC_OPTIMIZATION_LEVEL = 0;
				GCC_PREPROCESSOR_DEFINITIONS = (
					"DEBUG=1",
					"$(inherited)",
				);
				GCC_WARN_64_TO_32_BIT_CONVERSION = YES;
				GCC_WARN_ABOUT_RETURN_TYPE = YES_ERROR;
				GCC_WARN_UNDECLARED_SELECTOR = YES;
				GCC_WARN_UNINITIALIZED_AUTOS = YES_AGGRESSIVE;
				GCC_WARN_UNUSED_FUNCTION = YES;
				GCC_WARN_UNUSED_VARIABLE = YES;
				LOCALIZATION_PREFERS_STRING_CATALOGS = YES;
				MACOSX_DEPLOYMENT_TARGET = 15.5;
				MTL_ENABLE_DEBUG_INFO = INCLUDE_SOURCE;
				MTL_FAST_MATH = YES;
				ONLY_ACTIVE_ARCH = YES;
				SDKROOT = macosx;
				STRING_CATALOG_GENERATE_SYMBOLS = YES;
				SWIFT_ACTIVE_COMPILATION_CONDITIONS = "DEBUG $(inherited)";
				SWIFT_OPTIMIZATION_LEVEL = "-Onone";
			};
			name = Debug;
		};
		63A1C0F72E0870CA00F34733 /* Release */ = {
			isa = XCBuildConfiguration;
			buildSettings = {
				ALWAYS_SEARCH_USER_PATHS = NO;
				ASSETCATALOG_COMPILER_GENERATE_SWIFT_ASSET_SYMBOL_EXTENSIONS = YES;
				CLANG_ANALYZER_NONNULL = YES;
				CLANG_ANALYZER_NUMBER_OBJECT_CONVERSION = YES_AGGRESSIVE;
				CLANG_CXX_LANGUAGE_STANDARD = "gnu++20";
				CLANG_ENABLE_MODULES = YES;
				CLANG_ENABLE_OBJC_ARC = YES;
				CLANG_ENABLE_OBJC_WEAK = YES;
				CLANG_WARN_BLOCK_CAPTURE_AUTORELEASING = YES;
				CLANG_WARN_BOOL_CONVERSION = YES;
				CLANG_WARN_COMMA = YES;
				CLANG_WARN_CONSTANT_CONVERSION = YES;
				CLANG_WARN_DEPRECATED_OBJC_IMPLEMENTATIONS = YES;
				CLANG_WARN_DIRECT_OBJC_ISA_USAGE = YES_ERROR;
				CLANG_WARN_DOCUMENTATION_COMMENTS = YES;
				CLANG_WARN_EMPTY_BODY = YES;
				CLANG_WARN_ENUM_CONVERSION = YES;
				CLANG_WARN_INFINITE_RECURSION = YES;
				CLANG_WARN_INT_CONVERSION = YES;
				CLANG_WARN_NON_LITERAL_NULL_CONVERSION = YES;
				CLANG_WARN_OBJC_IMPLICIT_RETAIN_SELF = YES;
				CLANG_WARN_OBJC_LITERAL_CONVERSION = YES;
				CLANG_WARN_OBJC_ROOT_CLASS = YES_ERROR;
				CLANG_WARN_QUOTED_INCLUDE_IN_FRAMEWORK_HEADER = YES;
				CLANG_WARN_RANGE_LOOP_ANALYSIS = YES;
				CLANG_WARN_STRICT_PROTOTYPES = YES;
				CLANG_WARN_SUSPICIOUS_MOVE = YES;
				CLANG_WARN_UNGUARDED_AVAILABILITY = YES_AGGRESSIVE;
				CLANG_WARN_UNREACHABLE_CODE = YES;
				CLANG_WARN__DUPLICATE_METHOD_MATCH = YES;
				COPY_PHASE_STRIP = NO;
				DEAD_CODE_STRIPPING = YES;
				DEBUG_INFORMATION_FORMAT = "dwarf-with-dsym";
				ENABLE_NS_ASSERTIONS = NO;
				ENABLE_STRICT_OBJC_MSGSEND = YES;
				ENABLE_USER_SCRIPT_SANDBOXING = YES;
				GCC_C_LANGUAGE_STANDARD = gnu17;
				GCC_NO_COMMON_BLOCKS = YES;
				GCC_WARN_64_TO_32_BIT_CONVERSION = YES;
				GCC_WARN_ABOUT_RETURN_TYPE = YES_ERROR;
				GCC_WARN_UNDECLARED_SELECTOR = YES;
				GCC_WARN_UNINITIALIZED_AUTOS = YES_AGGRESSIVE;
				GCC_WARN_UNUSED_FUNCTION = YES;
				GCC_WARN_UNUSED_VARIABLE = YES;
				LOCALIZATION_PREFERS_STRING_CATALOGS = YES;
				MACOSX_DEPLOYMENT_TARGET = 15.5;
				MTL_ENABLE_DEBUG_INFO = NO;
				MTL_FAST_MATH = YES;
				SDKROOT = macosx;
				STRING_CATALOG_GENERATE_SYMBOLS = YES;
				SWIFT_COMPILATION_MODE = wholemodule;
			};
			name = Release;
		};
		63A1C0F92E0870CA00F34733 /* Debug */ = {
			isa = XCBuildConfiguration;
			buildSettings = {
				ASSETCATALOG_COMPILER_APPICON_NAME = AppIcon;
				ASSETCATALOG_COMPILER_GLOBAL_ACCENT_COLOR_NAME = AccentColor;
				ASSETCATALOG_COMPILER_INCLUDE_ALL_APPICON_ASSETS = YES;
				CODE_SIGN_ENTITLEMENTS = SpiceHarvester/SpiceHarvesterDebug.entitlements;
				"CODE_SIGN_IDENTITY[sdk=macosx*]" = "-";
				CODE_SIGN_STYLE = Automatic;
				COMBINE_HIDPI_IMAGES = YES;
				CURRENT_PROJECT_VERSION = 1;
				DEAD_CODE_STRIPPING = YES;
				DEVELOPMENT_TEAM = 839ECBL3D2;
				ENABLE_HARDENED_RUNTIME = YES;
				ENABLE_PREVIEWS = YES;
				GENERATE_INFOPLIST_FILE = YES;
				INFOPLIST_KEY_LSApplicationCategoryType = "public.app-category.utilities";
				INFOPLIST_KEY_NSAppTransportSecurity = "{ NSAllowsArbitraryLoads = YES; }";
				INFOPLIST_KEY_NSHumanReadableCopyright = "";
				LD_RUNPATH_SEARCH_PATHS = (
					"$(inherited)",
					"@executable_path/../Frameworks",
				);
				MACOSX_DEPLOYMENT_TARGET = 15.6;
				MARKETING_VERSION = 1.0;
				PRODUCT_BUNDLE_IDENTIFIER = DavidMasin.SpiceHarvester;
				PRODUCT_NAME = "$(TARGET_NAME)";
				REGISTER_APP_GROUPS = YES;
				SWIFT_EMIT_LOC_STRINGS = YES;
				SWIFT_VERSION = 5.0;
			};
			name = Debug;
		};
		63A1C0FA2E0870CA00F34733 /* Release */ = {
			isa = XCBuildConfiguration;
			buildSettings = {
				ASSETCATALOG_COMPILER_APPICON_NAME = AppIcon;
				ASSETCATALOG_COMPILER_GLOBAL_ACCENT_COLOR_NAME = AccentColor;
				ASSETCATALOG_COMPILER_INCLUDE_ALL_APPICON_ASSETS = YES;
				CODE_SIGN_ENTITLEMENTS = SpiceHarvester/SpiceHarvester.entitlements;
				"CODE_SIGN_IDENTITY[sdk=macosx*]" = "-";
				CODE_SIGN_STYLE = Automatic;
				COMBINE_HIDPI_IMAGES = YES;
				CURRENT_PROJECT_VERSION = 1;
				DEAD_CODE_STRIPPING = YES;
				DEVELOPMENT_TEAM = 839ECBL3D2;
				ENABLE_HARDENED_RUNTIME = YES;
				ENABLE_PREVIEWS = YES;
				GENERATE_INFOPLIST_FILE = YES;
				INFOPLIST_KEY_LSApplicationCategoryType = "public.app-category.utilities";
				INFOPLIST_KEY_NSAppTransportSecurity = "{ NSAllowsArbitraryLoads = YES; }";
				INFOPLIST_KEY_NSHumanReadableCopyright = "";
				LD_RUNPATH_SEARCH_PATHS = (
					"$(inherited)",
					"@executable_path/../Frameworks",
				);
				MACOSX_DEPLOYMENT_TARGET = 15.6;
				MARKETING_VERSION = 1.0;
				PRODUCT_BUNDLE_IDENTIFIER = DavidMasin.SpiceHarvester;
				PRODUCT_NAME = "$(TARGET_NAME)";
				REGISTER_APP_GROUPS = YES;
				SWIFT_EMIT_LOC_STRINGS = YES;
				SWIFT_VERSION = 5.0;
			};
			name = Release;
		};
		63A1C0FC2E0870CA00F34733 /* Debug */ = {
			isa = XCBuildConfiguration;
			buildSettings = {
				BUNDLE_LOADER = "$(TEST_HOST)";
				CODE_SIGN_STYLE = Automatic;
				CURRENT_PROJECT_VERSION = 1;
				DEAD_CODE_STRIPPING = YES;
				GENERATE_INFOPLIST_FILE = YES;
				MACOSX_DEPLOYMENT_TARGET = 15.5;
				MARKETING_VERSION = 1.0;
				PRODUCT_BUNDLE_IDENTIFIER = DavidMasin.SpiceHarvesterTests;
				PRODUCT_NAME = "$(TARGET_NAME)";
				SWIFT_EMIT_LOC_STRINGS = NO;
				SWIFT_VERSION = 5.0;
				TEST_HOST = "$(BUILT_PRODUCTS_DIR)/SpiceHarvester.app/$(BUNDLE_EXECUTABLE_FOLDER_PATH)/SpiceHarvester";
			};
			name = Debug;
		};
		63A1C0FD2E0870CA00F34733 /* Release */ = {
			isa = XCBuildConfiguration;
			buildSettings = {
				BUNDLE_LOADER = "$(TEST_HOST)";
				CODE_SIGN_STYLE = Automatic;
				CURRENT_PROJECT_VERSION = 1;
				DEAD_CODE_STRIPPING = YES;
				GENERATE_INFOPLIST_FILE = YES;
				MACOSX_DEPLOYMENT_TARGET = 15.5;
				MARKETING_VERSION = 1.0;
				PRODUCT_BUNDLE_IDENTIFIER = DavidMasin.SpiceHarvesterTests;
				PRODUCT_NAME = "$(TARGET_NAME)";
				SWIFT_EMIT_LOC_STRINGS = NO;
				SWIFT_VERSION = 5.0;
				TEST_HOST = "$(BUILT_PRODUCTS_DIR)/SpiceHarvester.app/$(BUNDLE_EXECUTABLE_FOLDER_PATH)/SpiceHarvester";
			};
			name = Release;
		};
		63A1C0FF2E0870CA00F34733 /* Debug */ = {
			isa = XCBuildConfiguration;
			buildSettings = {
				CODE_SIGN_STYLE = Automatic;
				CURRENT_PROJECT_VERSION = 1;
				DEAD_CODE_STRIPPING = YES;
				GENERATE_INFOPLIST_FILE = YES;
				MARKETING_VERSION = 1.0;
				PRODUCT_BUNDLE_IDENTIFIER = DavidMasin.SpiceHarvesterUITests;
				PRODUCT_NAME = "$(TARGET_NAME)";
				SWIFT_EMIT_LOC_STRINGS = NO;
				SWIFT_VERSION = 5.0;
				TEST_TARGET_NAME = SpiceHarvester;
			};
			name = Debug;
		};
		63A1C1002E0870CA00F34733 /* Release */ = {
			isa = XCBuildConfiguration;
			buildSettings = {
				CODE_SIGN_STYLE = Automatic;
				CURRENT_PROJECT_VERSION = 1;
				DEAD_CODE_STRIPPING = YES;
				GENERATE_INFOPLIST_FILE = YES;
				MARKETING_VERSION = 1.0;
				PRODUCT_BUNDLE_IDENTIFIER = DavidMasin.SpiceHarvesterUITests;
				PRODUCT_NAME = "$(TARGET_NAME)";
				SWIFT_EMIT_LOC_STRINGS = NO;
				SWIFT_VERSION = 5.0;
				TEST_TARGET_NAME = SpiceHarvester;
			};
			name = Release;
		};
/* End XCBuildConfiguration section */

/* Begin XCConfigurationList section */
		63A1C0D12E0870C900F34733 /* Build configuration list for PBXProject "SpiceHarvester" */ = {
			isa = XCConfigurationList;
			buildConfigurations = (
				63A1C0F62E0870CA00F34733 /* Debug */,
				63A1C0F72E0870CA00F34733 /* Release */,
			);
			defaultConfigurationIsVisible = 0;
			defaultConfigurationName = Release;
		};
		63A1C0F82E0870CA00F34733 /* Build configuration list for PBXNativeTarget "SpiceHarvester" */ = {
			isa = XCConfigurationList;
			buildConfigurations = (
				63A1C0F92E0870CA00F34733 /* Debug */,
				63A1C0FA2E0870CA00F34733 /* Release */,
			);
			defaultConfigurationIsVisible = 0;
			defaultConfigurationName = Release;
		};
		63A1C0FB2E0870CA00F34733 /* Build configuration list for PBXNativeTarget "SpiceHarvesterTests" */ = {
			isa = XCConfigurationList;
			buildConfigurations = (
				63A1C0FC2E0870CA00F34733 /* Debug */,
				63A1C0FD2E0870CA00F34733 /* Release */,
			);
			defaultConfigurationIsVisible = 0;
			defaultConfigurationName = Release;
		};
		63A1C0FE2E0870CA00F34733 /* Build configuration list for PBXNativeTarget "SpiceHarvesterUITests" */ = {
			isa = XCConfigurationList;
			buildConfigurations = (
				63A1C0FF2E0870CA00F34733 /* Debug */,
				63A1C1002E0870CA00F34733 /* Release */,
			);
			defaultConfigurationIsVisible = 0;
			defaultConfigurationName = Release;
		};
/* End XCConfigurationList section */
	};
	rootObject = 63A1C0CE2E0870C900F34733 /* Project object */;
}
